// !$*UTF8*$!
{
	archiveVersion = 1;
	classes = {
	};
	objectVersion = 77;
	objects = {

/* Begin PBXBuildFile section */
		66130BB62ED47865004B49B6 /* Kingfisher in Frameworks */ = {isa = PBXBuildFile; productRef = 66130BB52ED47865004B49B6 /* Kingfisher */; };
/* End PBXBuildFile section */

/* Begin PBXContainerItemProxy section */
		66130B982ED4778C004B49B6 /* PBXContainerItemProxy */ = {
			isa = PBXContainerItemProxy;
			containerPortal = 66130B822ED47782004B49B6 /* Project object */;
			proxyType = 1;
			remoteGlobalIDString = 66130B892ED47782004B49B6;
			remoteInfo = VeryGoodCoffee;
		};
		66130BA22ED4778C004B49B6 /* PBXContainerItemProxy */ = {
			isa = PBXContainerItemProxy;
			containerPortal = 66130B822ED47782004B49B6 /* Project object */;
			proxyType = 1;
			remoteGlobalIDString = 66130B892ED47782004B49B6;
			remoteInfo = VeryGoodCoffee;
		};
/* End PBXContainerItemProxy section */

/* Begin PBXFileReference section */
		66130B8A2ED47782004B49B6 /* VeryGoodCoffee.app */ = {isa = PBXFileReference; explicitFileType = wrapper.application; includeInIndex = 0; path = VeryGoodCoffee.app; sourceTree = BUILT_PRODUCTS_DIR; };
		66130B972ED4778C004B49B6 /* VeryGoodCoffeeTests.xctest */ = {isa = PBXFileReference; explicitFileType = wrapper.cfbundle; includeInIndex = 0; path = VeryGoodCoffeeTests.xctest; sourceTree = BUILT_PRODUCTS_DIR; };
		66130BA12ED4778C004B49B6 /* VeryGoodCoffeeUITests.xctest */ = {isa = PBXFileReference; explicitFileType = wrapper.cfbundle; includeInIndex = 0; path = VeryGoodCoffeeUITests.xctest; sourceTree = BUILT_PRODUCTS_DIR; };
/* End PBXFileReference section */

/* Begin PBXFileSystemSynchronizedRootGroup section */
		66130B8C2ED47782004B49B6 /* VeryGoodCoffee */ = {
			isa = PBXFileSystemSynchronizedRootGroup;
			path = VeryGoodCoffee;
			sourceTree = "<group>";
		};
		66130B9A2ED4778C004B49B6 /* VeryGoodCoffeeTests */ = {
			isa = PBXFileSystemSynchronizedRootGroup;
			path = VeryGoodCoffeeTests;
			sourceTree = "<group>";
		};
		66130BA42ED4778C004B49B6 /* VeryGoodCoffeeUITests */ = {
			isa = PBXFileSystemSynchronizedRootGroup;
			path = VeryGoodCoffeeUITests;
			sourceTree = "<group>";
		};
/* End PBXFileSystemSynchronizedRootGroup section */

/* Begin PBXFrameworksBuildPhase section */
		66130B872ED47782004B49B6 /* Frameworks */ = {
			isa = PBXFrameworksBuildPhase;
			buildActionMask = 2147483647;
			files = (
				66130BB62ED47865004B49B6 /* Kingfisher in Frameworks */,
			);
			runOnlyForDeploymentPostprocessing = 0;
		};
		66130B942ED4778C004B49B6 /* Frameworks */ = {
			isa = PBXFrameworksBuildPhase;
			buildActionMask = 2147483647;
			files = (
			);
			runOnlyForDeploymentPostprocessing = 0;
		};
		66130B9E2ED4778C004B49B6 /* Frameworks */ = {
			isa = PBXFrameworksBuildPhase;
			buildActionMask = 2147483647;
			files = (
			);
			runOnlyForDeploymentPostprocessing = 0;
		};
/* End PBXFrameworksBuildPhase section */

/* Begin PBXGroup section */
		66130B812ED47782004B49B6 = {
			isa = PBXGroup;
			children = (
				66130B8C2ED47782004B49B6 /* VeryGoodCoffee */,
				66130B9A2ED4778C004B49B6 /* VeryGoodCoffeeTests */,
				66130BA42ED4778C004B49B6 /* VeryGoodCoffeeUITests */,
				66130B8B2ED47782004B49B6 /* Products */,
			);
			sourceTree = "<group>";
		};
		66130B8B2ED47782004B49B6 /* Products */ = {
			isa = PBXGroup;
			children = (
				66130B8A2ED47782004B49B6 /* VeryGoodCoffee.app */,
				66130B972ED4778C004B49B6 /* VeryGoodCoffeeTests.xctest */,
				66130BA12ED4778C004B49B6 /* VeryGoodCoffeeUITests.xctest */,
			);
			name = Products;
			sourceTree = "<group>";
		};
/* End PBXGroup section */

/* Begin PBXNativeTarget section */
		66130B892ED47782004B49B6 /* VeryGoodCoffee */ = {
			isa = PBXNativeTarget;
			buildConfigurationList = 66130BAB2ED4778C004B49B6 /* Build configuration list for PBXNativeTarget "VeryGoodCoffee" */;
			buildPhases = (
				66130B862ED47782004B49B6 /* Sources */,
				66130B872ED47782004B49B6 /* Frameworks */,
				66130B882ED47782004B49B6 /* Resources */,
			);
			buildRules = (
			);
			dependencies = (
			);
			fileSystemSynchronizedGroups = (
				66130B8C2ED47782004B49B6 /* VeryGoodCoffee */,
			);
			name = VeryGoodCoffee;
			packageProductDependencies = (
				66130BB52ED47865004B49B6 /* Kingfisher */,
			);
			productName = VeryGoodCoffee;
			productReference = 66130B8A2ED47782004B49B6 /* VeryGoodCoffee.app */;
			productType = "com.apple.product-type.application";
		};
		66130B962ED4778C004B49B6 /* VeryGoodCoffeeTests */ = {
			isa = PBXNativeTarget;
			buildConfigurationList = 66130BAE2ED4778C004B49B6 /* Build configuration list for PBXNativeTarget "VeryGoodCoffeeTests" */;
			buildPhases = (
				66130B932ED4778C004B49B6 /* Sources */,
				66130B942ED4778C004B49B6 /* Frameworks */,
				66130B952ED4778C004B49B6 /* Resources */,
			);
			buildRules = (
			);
			dependencies = (
				66130B992ED4778C004B49B6 /* PBXTargetDependency */,
			);
			fileSystemSynchronizedGroups = (
				66130B9A2ED4778C004B49B6 /* VeryGoodCoffeeTests */,
			);
			name = VeryGoodCoffeeTests;
			packageProductDependencies = (
			);
			productName = VeryGoodCoffeeTests;
			productReference = 66130B972ED4778C004B49B6 /* VeryGoodCoffeeTests.xctest */;
			productType = "com.apple.product-type.bundle.unit-test";
		};
		66130BA02ED4778C004B49B6 /* VeryGoodCoffeeUITests */ = {
			isa = PBXNativeTarget;
			buildConfigurationList = 66130BB12ED4778C004B49B6 /* Build configuration list for PBXNativeTarget "VeryGoodCoffeeUITests" */;
			buildPhases = (
				66130B9D2ED4778C004B49B6 /* Sources */,
				66130B9E2ED4778C004B49B6 /* Frameworks */,
				66130B9F2ED4778C004B49B6 /* Resources */,
			);
			buildRules = (
			);
			dependencies = (
				66130BA32ED4778C004B49B6 /* PBXTargetDependency */,
			);
			fileSystemSynchronizedGroups = (
				66130BA42ED4778C004B49B6 /* VeryGoodCoffeeUITests */,
			);
			name = VeryGoodCoffeeUITests;
			packageProductDependencies = (
			);
			productName = VeryGoodCoffeeUITests;
			productReference = 66130BA12ED4778C004B49B6 /* VeryGoodCoffeeUITests.xctest */;
			productType = "com.apple.product-type.bundle.ui-testing";
		};
/* End PBXNativeTarget section */

/* Begin PBXProject section */
		66130B822ED47782004B49B6 /* Project object */ = {
			isa = PBXProject;
			attributes = {
				BuildIndependentTargetsInParallel = 1;
				LastSwiftUpdateCheck = 2600;
				LastUpgradeCheck = 2600;
				TargetAttributes = {
					66130B892ED47782004B49B6 = {
						CreatedOnToolsVersion = 26.0.1;
					};
					66130B962ED4778C004B49B6 = {
						CreatedOnToolsVersion = 26.0.1;
						TestTargetID = 66130B892ED47782004B49B6;
					};
					66130BA02ED4778C004B49B6 = {
						CreatedOnToolsVersion = 26.0.1;
						TestTargetID = 66130B892ED47782004B49B6;
					};
				};
			};
			buildConfigurationList = 66130B852ED47782004B49B6 /* Build configuration list for PBXProject "VeryGoodCoffee" */;
			developmentRegion = en;
			hasScannedForEncodings = 0;
			knownRegions = (
				en,
				Base,
			);
			mainGroup = 66130B812ED47782004B49B6;
			minimizedProjectReferenceProxies = 1;
			packageReferences = (
				66130BB42ED47865004B49B6 /* XCRemoteSwiftPackageReference "Kingfisher" */,
			);
			preferredProjectObjectVersion = 77;
			productRefGroup = 66130B8B2ED47782004B49B6 /* Products */;
			projectDirPath = "";
			projectRoot = "";
			targets = (
				66130B892ED47782004B49B6 /* VeryGoodCoffee */,
				66130B962ED4778C004B49B6 /* VeryGoodCoffeeTests */,
				66130BA02ED4778C004B49B6 /* VeryGoodCoffeeUITests */,
			);
		};
/* End PBXProject section */

/* Begin PBXResourcesBuildPhase section */
		66130B882ED47782004B49B6 /* Resources */ = {
			isa = PBXResourcesBuildPhase;
			buildActionMask = 2147483647;
			files = (
			);
			runOnlyForDeploymentPostprocessing = 0;
		};
		66130B952ED4778C004B49B6 /* Resources */ = {
			isa = PBXResourcesBuildPhase;
			buildActionMask = 2147483647;
			files = (
			);
			runOnlyForDeploymentPostprocessing = 0;
		};
		66130B9F2ED4778C004B49B6 /* Resources */ = {
			isa = PBXResourcesBuildPhase;
			buildActionMask = 2147483647;
			files = (
			);
			runOnlyForDeploymentPostprocessing = 0;
		};
/* End PBXResourcesBuildPhase section */

/* Begin PBXSourcesBuildPhase section */
		66130B862ED47782004B49B6 /* Sources */ = {
			isa = PBXSourcesBuildPhase;
			buildActionMask = 2147483647;
			files = (
			);
			runOnlyForDeploymentPostprocessing = 0;
		};
		66130B932ED4778C004B49B6 /* Sources */ = {
			isa = PBXSourcesBuildPhase;
			buildActionMask = 2147483647;
			files = (
			);
			runOnlyForDeploymentPostprocessing = 0;
		};
		66130B9D2ED4778C004B49B6 /* Sources */ = {
			isa = PBXSourcesBuildPhase;
			buildActionMask = 2147483647;
			files = (
			);
			runOnlyForDeploymentPostprocessing = 0;
		};
/* End PBXSourcesBuildPhase section */

/* Begin PBXTargetDependency section */
		66130B992ED4778C004B49B6 /* PBXTargetDependency */ = {
			isa = PBXTargetDependency;
			target = 66130B892ED47782004B49B6 /* VeryGoodCoffee */;
			targetProxy = 66130B982ED4778C004B49B6 /* PBXContainerItemProxy */;
		};
		66130BA32ED4778C004B49B6 /* PBXTargetDependency */ = {
			isa = PBXTargetDependency;
			target = 66130B892ED47782004B49B6 /* VeryGoodCoffee */;
			targetProxy = 66130BA22ED4778C004B49B6 /* PBXContainerItemProxy */;
		};
/* End PBXTargetDependency section */

/* Begin XCBuildConfiguration section */
		66130BA92ED4778C004B49B6 /* Debug */ = {
			isa = XCBuildConfiguration;
			buildSettings = {
				ALWAYS_SEARCH_USER_PATHS = NO;
				ASSETCATALOG_COMPILER_GENERATE_SWIFT_ASSET_SYMBOL_EXTENSIONS = YES;
				CLANG_ANALYZER_NONNULL = YES;
				CLANG_ANALYZER_NUMBER_OBJECT_CONVERSION = YES_AGGRESSIVE;
				CLANG_CXX_LANGUAGE_STANDARD = "gnu++20";
				CLANG_ENABLE_MODULES = YES;
				CLANG_ENABLE_OBJC_ARC = YES;
				CLANG_ENABLE_OBJC_WEAK = YES;
				CLANG_WARN_BLOCK_CAPTURE_AUTORELEASING = YES;
				CLANG_WARN_BOOL_CONVERSION = YES;
				CLANG_WARN_COMMA = YES;
				CLANG_WARN_CONSTANT_CONVERSION = YES;
				CLANG_WARN_DEPRECATED_OBJC_IMPLEMENTATIONS = YES;
				CLANG_WARN_DIRECT_OBJC_ISA_USAGE = YES_ERROR;
				CLANG_WARN_DOCUMENTATION_COMMENTS = YES;
				CLANG_WARN_EMPTY_BODY = YES;
				CLANG_WARN_ENUM_CONVERSION = YES;
				CLANG_WARN_INFINITE_RECURSION = YES;
				CLANG_WARN_INT_CONVERSION = YES;
				CLANG_WARN_NON_LITERAL_NULL_CONVERSION = YES;
				CLANG_WARN_OBJC_IMPLICIT_RETAIN_SELF = YES;
				CLANG_WARN_OBJC_LITERAL_CONVERSION = YES;
				CLANG_WARN_OBJC_ROOT_CLASS = YES_ERROR;
				CLANG_WARN_QUOTED_INCLUDE_IN_FRAMEWORK_HEADER = YES;
				CLANG_WARN_RANGE_LOOP_ANALYSIS = YES;
				CLANG_WARN_STRICT_PROTOTYPES = YES;
				CLANG_WARN_SUSPICIOUS_MOVE = YES;
				CLANG_WARN_UNGUARDED_AVAILABILITY = YES_AGGRESSIVE;
				CLANG_WARN_UNREACHABLE_CODE = YES;
				CLANG_WARN__DUPLICATE_METHOD_MATCH = YES;
				COPY_PHASE_STRIP = NO;
				DEBUG_INFORMATION_FORMAT = dwarf;
				ENABLE_STRICT_OBJC_MSGSEND = YES;
				ENABLE_TESTABILITY = YES;
				ENABLE_USER_SCRIPT_SANDBOXING = YES;
				GCC_C_LANGUAGE_STANDARD = gnu17;
				GCC_DYNAMIC_NO_PIC = NO;
				GCC_NO_COMMON_BLOCKS = YES;
				GCC_OPTIMIZATION_LEVEL = 0;
				GCC_PREPROCESSOR_DEFINITIONS = (
					"DEBUG=1",
					"$(inherited)",
				);
				GCC_WARN_64_TO_32_BIT_CONVERSION = YES;
				GCC_WARN_ABOUT_RETURN_TYPE = YES_ERROR;
				GCC_WARN_UNDECLARED_SELECTOR = YES;
				GCC_WARN_UNINITIALIZED_AUTOS = YES_AGGRESSIVE;
				GCC_WARN_UNUSED_FUNCTION = YES;
				GCC_WARN_UNUSED_VARIABLE = YES;
				IPHONEOS_DEPLOYMENT_TARGET = 26.0;
				LOCALIZATION_PREFERS_STRING_CATALOGS = YES;
				MTL_ENABLE_DEBUG_INFO = INCLUDE_SOURCE;
				MTL_FAST_MATH = YES;
				ONLY_ACTIVE_ARCH = YES;
				SDKROOT = iphoneos;
				SWIFT_ACTIVE_COMPILATION_CONDITIONS = "DEBUG $(inherited)";
				SWIFT_OPTIMIZATION_LEVEL = "-Onone";
			};
			name = Debug;
		};
		66130BAA2ED4778C004B49B6 /* Release */ = {
			isa = XCBuildConfiguration;
			buildSettings = {
				ALWAYS_SEARCH_USER_PATHS = NO;
				ASSETCATALOG_COMPILER_GENERATE_SWIFT_ASSET_SYMBOL_EXTENSIONS = YES;
				CLANG_ANALYZER_NONNULL = YES;
				CLANG_ANALYZER_NUMBER_OBJECT_CONVERSION = YES_AGGRESSIVE;
				CLANG_CXX_LANGUAGE_STANDARD = "gnu++20";
				CLANG_ENABLE_MODULES = YES;
				CLANG_ENABLE_OBJC_ARC = YES;
				CLANG_ENABLE_OBJC_WEAK = YES;
				CLANG_WARN_BLOCK_CAPTURE_AUTORELEASING = YES;
				CLANG_WARN_BOOL_CONVERSION = YES;
				CLANG_WARN_COMMA = YES;
				CLANG_WARN_CONSTANT_CONVERSION = YES;
				CLANG_WARN_DEPRECATED_OBJC_IMPLEMENTATIONS = YES;
				CLANG_WARN_DIRECT_OBJC_ISA_USAGE = YES_ERROR;
				CLANG_WARN_DOCUMENTATION_COMMENTS = YES;
				CLANG_WARN_EMPTY_BODY = YES;
				CLANG_WARN_ENUM_CONVERSION = YES;
				CLANG_WARN_INFINITE_RECURSION = YES;
				CLANG_WARN_INT_CONVERSION = YES;
				CLANG_WARN_NON_LITERAL_NULL_CONVERSION = YES;
				CLANG_WARN_OBJC_IMPLICIT_RETAIN_SELF = YES;
				CLANG_WARN_OBJC_LITERAL_CONVERSION = YES;
				CLANG_WARN_OBJC_ROOT_CLASS = YES_ERROR;
				CLANG_WARN_QUOTED_INCLUDE_IN_FRAMEWORK_HEADER = YES;
				CLANG_WARN_RANGE_LOOP_ANALYSIS = YES;
				CLANG_WARN_STRICT_PROTOTYPES = YES;
				CLANG_WARN_SUSPICIOUS_MOVE = YES;
				CLANG_WARN_UNGUARDED_AVAILABILITY = YES_AGGRESSIVE;
				CLANG_WARN_UNREACHABLE_CODE = YES;
				CLANG_WARN__DUPLICATE_METHOD_MATCH = YES;
				COPY_PHASE_STRIP = NO;
				DEBUG_INFORMATION_FORMAT = "dwarf-with-dsym";
				ENABLE_NS_ASSERTIONS = NO;
				ENABLE_STRICT_OBJC_MSGSEND = YES;
				ENABLE_USER_SCRIPT_SANDBOXING = YES;
				GCC_C_LANGUAGE_STANDARD = gnu17;
				GCC_NO_COMMON_BLOCKS = YES;
				GCC_WARN_64_TO_32_BIT_CONVERSION = YES;
				GCC_WARN_ABOUT_RETURN_TYPE = YES_ERROR;
				GCC_WARN_UNDECLARED_SELECTOR = YES;
				GCC_WARN_UNINITIALIZED_AUTOS = YES_AGGRESSIVE;
				GCC_WARN_UNUSED_FUNCTION = YES;
				GCC_WARN_UNUSED_VARIABLE = YES;
				IPHONEOS_DEPLOYMENT_TARGET = 26.0;
				LOCALIZATION_PREFERS_STRING_CATALOGS = YES;
				MTL_ENABLE_DEBUG_INFO = NO;
				MTL_FAST_MATH = YES;
				SDKROOT = iphoneos;
				SWIFT_COMPILATION_MODE = wholemodule;
				VALIDATE_PRODUCT = YES;
			};
			name = Release;
		};
		66130BAC2ED4778C004B49B6 /* Debug */ = {
			isa = XCBuildConfiguration;
			buildSettings = {
				ASSETCATALOG_COMPILER_APPICON_NAME = AppIcon;
				ASSETCATALOG_COMPILER_GLOBAL_ACCENT_COLOR_NAME = AccentColor;
				CODE_SIGN_STYLE = Automatic;
				CURRENT_PROJECT_VERSION = 1;
				ENABLE_PREVIEWS = YES;
				GENERATE_INFOPLIST_FILE = YES;
				INFOPLIST_KEY_UIApplicationSceneManifest_Generation = YES;
				INFOPLIST_KEY_UIApplicationSupportsIndirectInputEvents = YES;
				INFOPLIST_KEY_UILaunchScreen_Generation = YES;
				INFOPLIST_KEY_UISupportedInterfaceOrientations_iPad = "UIInterfaceOrientationPortrait UIInterfaceOrientationPortraitUpsideDown UIInterfaceOrientationLandscapeLeft UIInterfaceOrientationLandscapeRight";
				INFOPLIST_KEY_UISupportedInterfaceOrientations_iPhone = "UIInterfaceOrientationPortrait UIInterfaceOrientationLandscapeLeft UIInterfaceOrientationLandscapeRight";
				LD_RUNPATH_SEARCH_PATHS = (
					"$(inherited)",
					"@executable_path/Frameworks",
				);
				MARKETING_VERSION = 1.0;
				PRODUCT_BUNDLE_IDENTIFIER = com.wellingtonferreira.VeryGoodCoffee;
				PRODUCT_NAME = "$(TARGET_NAME)";
				STRING_CATALOG_GENERATE_SYMBOLS = YES;
				SWIFT_APPROACHABLE_CONCURRENCY = YES;
				SWIFT_DEFAULT_ACTOR_ISOLATION = MainActor;
				SWIFT_EMIT_LOC_STRINGS = YES;
				SWIFT_UPCOMING_FEATURE_MEMBER_IMPORT_VISIBILITY = YES;
				SWIFT_VERSION = 5.0;
				TARGETED_DEVICE_FAMILY = "1,2";
			};
			name = Debug;
		};
		66130BAD2ED4778C004B49B6 /* Release */ = {
			isa = XCBuildConfiguration;
			buildSettings = {
				ASSETCATALOG_COMPILER_APPICON_NAME = AppIcon;
				ASSETCATALOG_COMPILER_GLOBAL_ACCENT_COLOR_NAME = AccentColor;
				CODE_SIGN_STYLE = Automatic;
				CURRENT_PROJECT_VERSION = 1;
				ENABLE_PREVIEWS = YES;
				GENERATE_INFOPLIST_FILE = YES;
				INFOPLIST_KEY_UIApplicationSceneManifest_Generation = YES;
				INFOPLIST_KEY_UIApplicationSupportsIndirectInputEvents = YES;
				INFOPLIST_KEY_UILaunchScreen_Generation = YES;
				INFOPLIST_KEY_UISupportedInterfaceOrientations_iPad = "UIInterfaceOrientationPortrait UIInterfaceOrientationPortraitUpsideDown UIInterfaceOrientationLandscapeLeft UIInterfaceOrientationLandscapeRight";
				INFOPLIST_KEY_UISupportedInterfaceOrientations_iPhone = "UIInterfaceOrientationPortrait UIInterfaceOrientationLandscapeLeft UIInterfaceOrientationLandscapeRight";
				LD_RUNPATH_SEARCH_PATHS = (
					"$(inherited)",
					"@executable_path/Frameworks",
				);
				MARKETING_VERSION = 1.0;
				PRODUCT_BUNDLE_IDENTIFIER = com.wellingtonferreira.VeryGoodCoffee;
				PRODUCT_NAME = "$(TARGET_NAME)";
				STRING_CATALOG_GENERATE_SYMBOLS = YES;
				SWIFT_APPROACHABLE_CONCURRENCY = YES;
				SWIFT_DEFAULT_ACTOR_ISOLATION = MainActor;
				SWIFT_EMIT_LOC_STRINGS = YES;
				SWIFT_UPCOMING_FEATURE_MEMBER_IMPORT_VISIBILITY = YES;
				SWIFT_VERSION = 5.0;
				TARGETED_DEVICE_FAMILY = "1,2";
			};
			name = Release;
		};
		66130BAF2ED4778C004B49B6 /* Debug */ = {
			isa = XCBuildConfiguration;
			buildSettings = {
				BUNDLE_LOADER = "$(TEST_HOST)";
				CODE_SIGN_STYLE = Automatic;
				CURRENT_PROJECT_VERSION = 1;
				GENERATE_INFOPLIST_FILE = YES;
				IPHONEOS_DEPLOYMENT_TARGET = 26.0;
				MARKETING_VERSION = 1.0;
				PRODUCT_BUNDLE_IDENTIFIER = com.wellingtonferreira.VeryGoodCoffeeTests;
				PRODUCT_NAME = "$(TARGET_NAME)";
				STRING_CATALOG_GENERATE_SYMBOLS = NO;
				SWIFT_APPROACHABLE_CONCURRENCY = YES;
				SWIFT_EMIT_LOC_STRINGS = NO;
				SWIFT_UPCOMING_FEATURE_MEMBER_IMPORT_VISIBILITY = YES;
				SWIFT_VERSION = 5.0;
				TARGETED_DEVICE_FAMILY = "1,2";
				TEST_HOST = "$(BUILT_PRODUCTS_DIR)/VeryGoodCoffee.app/$(BUNDLE_EXECUTABLE_FOLDER_PATH)/VeryGoodCoffee";
			};
			name = Debug;
		};
		66130BB02ED4778C004B49B6 /* Release */ = {
			isa = XCBuildConfiguration;
			buildSettings = {
				BUNDLE_LOADER = "$(TEST_HOST)";
				CODE_SIGN_STYLE = Automatic;
				CURRENT_PROJECT_VERSION = 1;
				GENERATE_INFOPLIST_FILE = YES;
				IPHONEOS_DEPLOYMENT_TARGET = 26.0;
				MARKETING_VERSION = 1.0;
				PRODUCT_BUNDLE_IDENTIFIER = com.wellingtonferreira.VeryGoodCoffeeTests;
				PRODUCT_NAME = "$(TARGET_NAME)";
				STRING_CATALOG_GENERATE_SYMBOLS = NO;
				SWIFT_APPROACHABLE_CONCURRENCY = YES;
				SWIFT_EMIT_LOC_STRINGS = NO;
				SWIFT_UPCOMING_FEATURE_MEMBER_IMPORT_VISIBILITY = YES;
				SWIFT_VERSION = 5.0;
				TARGETED_DEVICE_FAMILY = "1,2";
				TEST_HOST = "$(BUILT_PRODUCTS_DIR)/VeryGoodCoffee.app/$(BUNDLE_EXECUTABLE_FOLDER_PATH)/VeryGoodCoffee";
			};
			name = Release;
		};
		66130BB22ED4778C004B49B6 /* Debug */ = {
			isa = XCBuildConfiguration;
			buildSettings = {
				CODE_SIGN_STYLE = Automatic;
				CURRENT_PROJECT_VERSION = 1;
				GENERATE_INFOPLIST_FILE = YES;
				MARKETING_VERSION = 1.0;
				PRODUCT_BUNDLE_IDENTIFIER = com.wellingtonferreira.VeryGoodCoffeeUITests;
				PRODUCT_NAME = "$(TARGET_NAME)";
				STRING_CATALOG_GENERATE_SYMBOLS = NO;
				SWIFT_APPROACHABLE_CONCURRENCY = YES;
				SWIFT_EMIT_LOC_STRINGS = NO;
				SWIFT_UPCOMING_FEATURE_MEMBER_IMPORT_VISIBILITY = YES;
				SWIFT_VERSION = 5.0;
				TARGETED_DEVICE_FAMILY = "1,2";
				TEST_TARGET_NAME = VeryGoodCoffee;
			};
			name = Debug;
		};
		66130BB32ED4778C004B49B6 /* Release */ = {
			isa = XCBuildConfiguration;
			buildSettings = {
				CODE_SIGN_STYLE = Automatic;
				CURRENT_PROJECT_VERSION = 1;
				GENERATE_INFOPLIST_FILE = YES;
				MARKETING_VERSION = 1.0;
				PRODUCT_BUNDLE_IDENTIFIER = com.wellingtonferreira.VeryGoodCoffeeUITests;
				PRODUCT_NAME = "$(TARGET_NAME)";
				STRING_CATALOG_GENERATE_SYMBOLS = NO;
				SWIFT_APPROACHABLE_CONCURRENCY = YES;
				SWIFT_EMIT_LOC_STRINGS = NO;
				SWIFT_UPCOMING_FEATURE_MEMBER_IMPORT_VISIBILITY = YES;
				SWIFT_VERSION = 5.0;
				TARGETED_DEVICE_FAMILY = "1,2";
				TEST_TARGET_NAME = VeryGoodCoffee;
			};
			name = Release;
		};
/* End XCBuildConfiguration section */

/* Begin XCConfigurationList section */
		66130B852ED47782004B49B6 /* Build configuration list for PBXProject "VeryGoodCoffee" */ = {
			isa = XCConfigurationList;
			buildConfigurations = (
				66130BA92ED4778C004B49B6 /* Debug */,
				66130BAA2ED4778C004B49B6 /* Release */,
			);
			defaultConfigurationIsVisible = 0;
			defaultConfigurationName = Release;
		};
		66130BAB2ED4778C004B49B6 /* Build configuration list for PBXNativeTarget "VeryGoodCoffee" */ = {
			isa = XCConfigurationList;
			buildConfigurations = (
				66130BAC2ED4778C004B49B6 /* Debug */,
				66130BAD2ED4778C004B49B6 /* Release */,
			);
			defaultConfigurationIsVisible = 0;
			defaultConfigurationName = Release;
		};
		66130BAE2ED4778C004B49B6 /* Build configuration list for PBXNativeTarget "VeryGoodCoffeeTests" */ = {
			isa = XCConfigurationList;
			buildConfigurations = (
				66130BAF2ED4778C004B49B6 /* Debug */,
				66130BB02ED4778C004B49B6 /* Release */,
			);
			defaultConfigurationIsVisible = 0;
			defaultConfigurationName = Release;
		};
		66130BB12ED4778C004B49B6 /* Build configuration list for PBXNativeTarget "VeryGoodCoffeeUITests" */ = {
			isa = XCConfigurationList;
			buildConfigurations = (
				66130BB22ED4778C004B49B6 /* Debug */,
				66130BB32ED4778C004B49B6 /* Release */,
			);
			defaultConfigurationIsVisible = 0;
			defaultConfigurationName = Release;
		};
/* End XCConfigurationList section */

/* Begin XCRemoteSwiftPackageReference section */
		66130BB42ED47865004B49B6 /* XCRemoteSwiftPackageReference "Kingfisher" */ = {
			isa = XCRemoteSwiftPackageReference;
			repositoryURL = "https://github.com/onevcat/Kingfisher";
			requirement = {
				kind = upToNextMajorVersion;
				minimumVersion = 8.6.2;
			};
		};
/* End XCRemoteSwiftPackageReference section */

/* Begin XCSwiftPackageProductDependency section */
		66130BB52ED47865004B49B6 /* Kingfisher */ = {
			isa = XCSwiftPackageProductDependency;
			package = 66130BB42ED47865004B49B6 /* XCRemoteSwiftPackageReference "Kingfisher" */;
			productName = Kingfisher;
		};
/* End XCSwiftPackageProductDependency section */
	};
	rootObject = 66130B822ED47782004B49B6 /* Project object */;
}
